
Microsoft Visual Studio Solution File, Format Version 12.00
# Visual Studio Version 16
VisualStudioVersion = 16.0.30804.86
MinimumVisualStudioVersion = 15.0.26124.0
Project("{2150E333-8FDC-42A3-9474-1A3956D46DE8}") = "Blog", "Blog", "{A2284CD8-E2FF-495B-B904-1BFC091BFA91}"
EndProject
Project("{9A19103F-16F7-4668-BE54-9A1E7A4F7556}") = "BlogSite.Server", "BlogSite\Server\BlogSite.Server.csproj", "{2E76A876-8667-45FB-95F9-5D164544FB15}"
EndProject
Project("{9A19103F-16F7-4668-BE54-9A1E7A4F7556}") = "BlogSite.Client", "BlogSite\Client\BlogSite.Client.csproj", "{F55A415E-88A2-4D2C-8CD4-BA22D4B70199}"
EndProject
Project("{9A19103F-16F7-4668-BE54-9A1E7A4F7556}") = "BlogSite.Shared", "BlogSite\Shared\BlogSite.Shared.csproj", "{7C617055-D7BF-4580-AB3A-D71F07BC02EC}"
EndProject
Global
	GlobalSection(SolutionConfigurationPlatforms) = preSolution
		Debug|Any CPU = Debug|Any CPU
		Debug|x64 = Debug|x64
		Debug|x86 = Debug|x86
		Release|Any CPU = Release|Any CPU
		Release|x64 = Release|x64
		Release|x86 = Release|x86
	EndGlobalSection
	GlobalSection(ProjectConfigurationPlatforms) = postSolution
		{2E76A876-8667-45FB-95F9-5D164544FB15}.Debug|Any CPU.ActiveCfg = Debug|Any CPU
		{2E76A876-8667-45FB-95F9-5D164544FB15}.Debug|Any CPU.Build.0 = Debug|Any CPU
		{2E76A876-8667-45FB-95F9-5D164544FB15}.Debug|x64.ActiveCfg = Debug|Any CPU
		{2E76A876-8667-45FB-95F9-5D164544FB15}.Debug|x64.Build.0 = Debug|Any CPU
		{2E76A876-8667-45FB-95F9-5D164544FB15}.Debug|x86.ActiveCfg = Debug|Any CPU
		{2E76A876-8667-45FB-95F9-5D164544FB15}.Debug|x86.Build.0 = Debug|Any CPU
		{2E76A876-8667-45FB-95F9-5D164544FB15}.Release|Any CPU.ActiveCfg = Release|Any CPU
		{2E76A876-8667-45FB-95F9-5D164544FB15}.Release|Any CPU.Build.0 = Release|Any CPU
		{2E76A876-8667-45FB-95F9-5D164544FB15}.Release|x64.ActiveCfg = Release|Any CPU
		{2E76A876-8667-45FB-95F9-5D164544FB15}.Release|x64.Build.0 = Release|Any CPU
		{2E76A876-8667-45FB-95F9-5D164544FB15}.Release|x86.ActiveCfg = Release|Any CPU
		{2E76A876-8667-45FB-95F9-5D164544FB15}.Release|x86.Build.0 = Release|Any CPU
		{F55A415E-88A2-4D2C-8CD4-BA22D4B70199}.Debug|Any CPU.ActiveCfg = Debug|Any CPU
		{F55A415E-88A2-4D2C-8CD4-BA22D4B70199}.Debug|Any CPU.Build.0 = Debug|Any CPU
		{F55A415E-88A2-4D2C-8CD4-BA22D4B70199}.Debug|x64.ActiveCfg = Debug|Any CPU
		{F55A415E-88A2-4D2C-8CD4-BA22D4B70199}.Debug|x64.Build.0 = Debug|Any CPU
		{F55A415E-88A2-4D2C-8CD4-BA22D4B70199}.Debug|x86.ActiveCfg = Debug|Any CPU
		{F55A415E-88A2-4D2C-8CD4-BA22D4B70199}.Debug|x86.Build.0 = Debug|Any CPU
		{F55A415E-88A2-4D2C-8CD4-BA22D4B70199}.Release|Any CPU.ActiveCfg = Release|Any CPU
		{F55A415E-88A2-4D2C-8CD4-BA22D4B70199}.Release|Any CPU.Build.0 = Release|Any CPU
		{F55A415E-88A2-4D2C-8CD4-BA22D4B70199}.Release|x64.ActiveCfg = Release|Any CPU
		{F55A415E-88A2-4D2C-8CD4-BA22D4B70199}.Release|x64.Build.0 = Release|Any CPU
		{F55A415E-88A2-4D2C-8CD4-BA22D4B70199}.Release|x86.ActiveCfg = Release|Any CPU
		{F55A415E-88A2-4D2C-8CD4-BA22D4B70199}.Release|x86.Build.0 = Release|Any CPU
		{7C617055-D7BF-4580-AB3A-D71F07BC02EC}.Debug|Any CPU.ActiveCfg = Debug|Any CPU
		{7C617055-D7BF-4580-AB3A-D71F07BC02EC}.Debug|Any CPU.Build.0 = Debug|Any CPU
		{7C617055-D7BF-4580-AB3A-D71F07BC02EC}.Debug|x64.ActiveCfg = Debug|Any CPU
		{7C617055-D7BF-4580-AB3A-D71F07BC02EC}.Debug|x64.Build.0 = Debug|Any CPU
		{7C617055-D7BF-4580-AB3A-D71F07BC02EC}.Debug|x86.ActiveCfg = Debug|Any CPU
		{7C617055-D7BF-4580-AB3A-D71F07BC02EC}.Debug|x86.Build.0 = Debug|Any CPU
		{7C617055-D7BF-4580-AB3A-D71F07BC02EC}.Release|Any CPU.ActiveCfg = Release|Any CPU
		{7C617055-D7BF-4580-AB3A-D71F07BC02EC}.Release|Any CPU.Build.0 = Release|Any CPU
		{7C617055-D7BF-4580-AB3A-D71F07BC02EC}.Release|x64.ActiveCfg = Release|Any CPU
		{7C617055-D7BF-4580-AB3A-D71F07BC02EC}.Release|x64.Build.0 = Release|Any CPU
		{7C617055-D7BF-4580-AB3A-D71F07BC02EC}.Release|x86.ActiveCfg = Release|Any CPU
		{7C617055-D7BF-4580-AB3A-D71F07BC02EC}.Release|x86.Build.0 = Release|Any CPU
	EndGlobalSection
	GlobalSection(SolutionProperties) = preSolution
		HideSolutionNode = FALSE
	EndGlobalSection
	GlobalSection(NestedProjects) = preSolution
		{2E76A876-8667-45FB-95F9-5D164544FB15} = {A2284CD8-E2FF-495B-B904-1BFC091BFA91}
		{F55A415E-88A2-4D2C-8CD4-BA22D4B70199} = {A2284CD8-E2FF-495B-B904-1BFC091BFA91}
		{7C617055-D7BF-4580-AB3A-D71F07BC02EC} = {A2284CD8-E2FF-495B-B904-1BFC091BFA91}
	EndGlobalSection
	GlobalSection(ExtensibilityGlobals) = postSolution
		SolutionGuid = {2C78A84C-889C-4081-A87B-6D4D82D909B0}
	EndGlobalSection
EndGlobal
